
Microsoft Visual Studio Solution File, Format Version 12.00
# Visual Studio Version 17
VisualStudioVersion = 17.5.002.0
MinimumVisualStudioVersion = 10.0.40219.1
Project("{FAE04EC0-301F-11D3-BF4B-00C04F79EFBC}") = "MkDownOffice", "MkDownOffice\MkDownOffice.csproj", "{8B38B038-D523-40DC-A0A2-884680F8AEDB}"
EndProject
Global
	GlobalSection(SolutionConfigurationPlatforms) = preSolution
		Debug|Any CPU = Debug|Any CPU
		Release|Any CPU = Release|Any CPU
	EndGlobalSection
	GlobalSection(ProjectConfigurationPlatforms) = postSolution
		{61D7FFA3-B6AC-472A-A7D6-02C1BB8A4BAB}.Debug|Any CPU.ActiveCfg = Debug|Any CPU
		{61D7FFA3-B6AC-472A-A7D6-02C1BB8A4BAB}.Debug|Any CPU.Build.0 = Debug|Any CPU
		{61D7FFA3-B6AC-472A-A7D6-02C1BB8A4BAB}.Release|Any CPU.ActiveCfg = Release|Any CPU
		{61D7FFA3-B6AC-472A-A7D6-02C1BB8A4BAB}.Release|Any CPU.Build.0 = Release|Any CPU
		{8B38B038-D523-40DC-A0A2-884680F8AEDB}.Debug|Any CPU.ActiveCfg = Debug|Any CPU
		{8B38B038-D523-40DC-A0A2-884680F8AEDB}.Debug|Any CPU.Build.0 = Debug|Any CPU
		{8B38B038-D523-40DC-A0A2-884680F8AEDB}.Release|Any CPU.ActiveCfg = Release|Any CPU
		{8B38B038-D523-40DC-A0A2-884680F8AEDB}.Release|Any CPU.Build.0 = Release|Any CPU
	EndGlobalSection
	GlobalSection(SolutionProperties) = preSolution
		HideSolutionNode = FALSE
	EndGlobalSection
	GlobalSection(ExtensibilityGlobals) = postSolution
		SolutionGuid = {BAA9C33E-E6F3-4D78-8325-EEEC921ABFB9}
	EndGlobalSection
EndGlobal
